Microsoft Visual Studio Solution File, Format Version 12.00
# Visual Studio Version 17
VisualStudioVersion = 17.5.2.0
MinimumVisualStudioVersion = 10.0.40219.1
Project("{FAE04EC0-301F-11D3-BF4B-00C04F79EFBC}") = "markdown", "markdown.csproj", "{E88EFBDC-676E-E427-63F8-F783267408BD}"
EndProject
Global
	GlobalSection(SolutionConfigurationPlatforms) = preSolution
		Debug|Any CPU = Debug|Any CPU
		Release|Any CPU = Release|Any CPU
	EndGlobalSection
	GlobalSection(ProjectConfigurationPlatforms) = postSolution
		{E88EFBDC-676E-E427-63F8-F783267408BD}.Debug|Any CPU.ActiveCfg = Debug|Any CPU
		{E88EFBDC-676E-E427-63F8-F783267408BD}.Debug|Any CPU.Build.0 = Debug|Any CPU
		{E88EFBDC-676E-E427-63F8-F783267408BD}.Release|Any CPU.ActiveCfg = Release|Any CPU
		{E88EFBDC-676E-E427-63F8-F783267408BD}.Release|Any CPU.Build.0 = Release|Any CPU
	EndGlobalSection
	GlobalSection(SolutionProperties) = preSolution
		HideSolutionNode = FALSE
	EndGlobalSection
	GlobalSection(ExtensibilityGlobals) = postSolution
		SolutionGuid = {CEEBAF76-9211-4E0D-A68B-8BE71337F7FA}
	EndGlobalSection
EndGlobal
